// !$*UTF8*$!
{
	archiveVersion = 1;
	classes = {
	};
	objectVersion = 46;
	objects = {

/* Begin PBXBuildFile section */
		94830C461D1D5F9300DD94E9 /* AppDelegate.swift in Sources */ = {isa = PBXBuildFile; fileRef = 94830C451D1D5F9300DD94E9 /* AppDelegate.swift */; };
		94830C4B1D1D5F9300DD94E9 /* Main.storyboard in Resources */ = {isa = PBXBuildFile; fileRef = 94830C491D1D5F9300DD94E9 /* Main.storyboard */; };
		94830C4D1D1D5F9300DD94E9 /* Assets.xcassets in Resources */ = {isa = PBXBuildFile; fileRef = 94830C4C1D1D5F9300DD94E9 /* Assets.xcassets */; };
		94830C501D1D5F9300DD94E9 /* LaunchScreen.storyboard in Resources */ = {isa = PBXBuildFile; fileRef = 94830C4E1D1D5F9300DD94E9 /* LaunchScreen.storyboard */; };
		94830C5B1D1D5F9300DD94E9 /* VRPlaygroundTests.swift in Sources */ = {isa = PBXBuildFile; fileRef = 94830C5A1D1D5F9300DD94E9 /* VRPlaygroundTests.swift */; };
		94830C661D1D5F9300DD94E9 /* VRPlaygroundUITests.swift in Sources */ = {isa = PBXBuildFile; fileRef = 94830C651D1D5F9300DD94E9 /* VRPlaygroundUITests.swift */; };
		94830C7A1D1D5FDB00DD94E9 /* ViewController.swift in Sources */ = {isa = PBXBuildFile; fileRef = 94830C751D1D5FDB00DD94E9 /* ViewController.swift */; };
/* End PBXBuildFile section */

/* Begin PBXContainerItemProxy section */
		94830C571D1D5F9300DD94E9 /* PBXContainerItemProxy */ = {
			isa = PBXContainerItemProxy;
			containerPortal = 94830C3A1D1D5F9300DD94E9 /* Project object */;
			proxyType = 1;
			remoteGlobalIDString = 94830C411D1D5F9300DD94E9;
			remoteInfo = VRPlayground;
		};
		94830C621D1D5F9300DD94E9 /* PBXContainerItemProxy */ = {
			isa = PBXContainerItemProxy;
			containerPortal = 94830C3A1D1D5F9300DD94E9 /* Project object */;
			proxyType = 1;
			remoteGlobalIDString = 94830C411D1D5F9300DD94E9;
			remoteInfo = VRPlayground;
		};
/* End PBXContainerItemProxy section */

/* Begin PBXFileReference section */
		94830C421D1D5F9300DD94E9 /* VRPlayground.app */ = {isa = PBXFileReference; explicitFileType = wrapper.application; includeInIndex = 0; path = VRPlayground.app; sourceTree = BUILT_PRODUCTS_DIR; };
		94830C451D1D5F9300DD94E9 /* AppDelegate.swift */ = {isa = PBXFileReference; lastKnownFileType = sourcecode.swift; path = AppDelegate.swift; sourceTree = "<group>"; };
		94830C4A1D1D5F9300DD94E9 /* Base */ = {isa = PBXFileReference; lastKnownFileType = file.storyboard; name = Base; path = Base.lproj/Main.storyboard; sourceTree = "<group>"; };
		94830C4C1D1D5F9300DD94E9 /* Assets.xcassets */ = {isa = PBXFileReference; lastKnownFileType = folder.assetcatalog; path = Assets.xcassets; sourceTree = "<group>"; };
		94830C4F1D1D5F9300DD94E9 /* Base */ = {isa = PBXFileReference; lastKnownFileType = file.storyboard; name = Base; path = Base.lproj/LaunchScreen.storyboard; sourceTree = "<group>"; };
		94830C511D1D5F9300DD94E9 /* Info.plist */ = {isa = PBXFileReference; lastKnownFileType = text.plist.xml; path = Info.plist; sourceTree = "<group>"; };
		94830C561D1D5F9300DD94E9 /* VRPlaygroundTests.xctest */ = {isa = PBXFileReference; explicitFileType = wrapper.cfbundle; includeInIndex = 0; path = VRPlaygroundTests.xctest; sourceTree = BUILT_PRODUCTS_DIR; };
		94830C5A1D1D5F9300DD94E9 /* VRPlaygroundTests.swift */ = {isa = PBXFileReference; lastKnownFileType = sourcecode.swift; path = VRPlaygroundTests.swift; sourceTree = "<group>"; };
		94830C5C1D1D5F9300DD94E9 /* Info.plist */ = {isa = PBXFileReference; lastKnownFileType = text.plist.xml; path = Info.plist; sourceTree = "<group>"; };
		94830C611D1D5F9300DD94E9 /* VRPlaygroundUITests.xctest */ = {isa = PBXFileReference; explicitFileType = wrapper.cfbundle; includeInIndex = 0; path = VRPlaygroundUITests.xctest; sourceTree = BUILT_PRODUCTS_DIR; };
		94830C651D1D5F9300DD94E9 /* VRPlaygroundUITests.swift */ = {isa = PBXFileReference; lastKnownFileType = sourcecode.swift; path = VRPlaygroundUITests.swift; sourceTree = "<group>"; };
		94830C671D1D5F9300DD94E9 /* Info.plist */ = {isa = PBXFileReference; lastKnownFileType = text.plist.xml; path = Info.plist; sourceTree = "<group>"; };
		94830C751D1D5FDB00DD94E9 /* ViewController.swift */ = {isa = PBXFileReference; fileEncoding = 4; lastKnownFileType = sourcecode.swift; path = ViewController.swift; sourceTree = "<group>"; };
/* End PBXFileReference section */

/* Begin PBXFrameworksBuildPhase section */
		94830C3F1D1D5F9300DD94E9 /* Frameworks */ = {
			isa = PBXFrameworksBuildPhase;
			buildActionMask = 2147483647;
			files = (
			);
			runOnlyForDeploymentPostprocessing = 0;
		};
		94830C531D1D5F9300DD94E9 /* Frameworks */ = {
			isa = PBXFrameworksBuildPhase;
			buildActionMask = 2147483647;
			files = (
			);
			runOnlyForDeploymentPostprocessing = 0;
		};
		94830C5E1D1D5F9300DD94E9 /* Frameworks */ = {
			isa = PBXFrameworksBuildPhase;
			buildActionMask = 2147483647;
			files = (
			);
			runOnlyForDeploymentPostprocessing = 0;
		};
/* End PBXFrameworksBuildPhase section */

/* Begin PBXGroup section */
		94830C391D1D5F9300DD94E9 = {
			isa = PBXGroup;
			children = (
				94830C441D1D5F9300DD94E9 /* VRPlayground */,
				94830C591D1D5F9300DD94E9 /* VRPlaygroundTests */,
				94830C641D1D5F9300DD94E9 /* VRPlaygroundUITests */,
				94830C431D1D5F9300DD94E9 /* Products */,
			);
			sourceTree = "<group>";
		};
		94830C431D1D5F9300DD94E9 /* Products */ = {
			isa = PBXGroup;
			children = (
				94830C421D1D5F9300DD94E9 /* VRPlayground.app */,
				94830C561D1D5F9300DD94E9 /* VRPlaygroundTests.xctest */,
				94830C611D1D5F9300DD94E9 /* VRPlaygroundUITests.xctest */,
			);
			name = Products;
			sourceTree = "<group>";
		};
		94830C441D1D5F9300DD94E9 /* VRPlayground */ = {
			isa = PBXGroup;
			children = (
				94830C731D1D5FDB00DD94E9 /* Constants */,
				94830C761D1D5FDB00DD94E9 /* Extensions */,
				94830C771D1D5FDB00DD94E9 /* Model */,
				94830C781D1D5FDB00DD94E9 /* Utilities */,
				94830C791D1D5FDB00DD94E9 /* View */,
				94830C741D1D5FDB00DD94E9 /* Controller */,
				94830C451D1D5F9300DD94E9 /* AppDelegate.swift */,
				94830C491D1D5F9300DD94E9 /* Main.storyboard */,
				94830C4C1D1D5F9300DD94E9 /* Assets.xcassets */,
				94830C4E1D1D5F9300DD94E9 /* LaunchScreen.storyboard */,
				94830C511D1D5F9300DD94E9 /* Info.plist */,
			);
			path = VRPlayground;
			sourceTree = "<group>";
		};
		94830C591D1D5F9300DD94E9 /* VRPlaygroundTests */ = {
			isa = PBXGroup;
			children = (
				94830C5A1D1D5F9300DD94E9 /* VRPlaygroundTests.swift */,
				94830C5C1D1D5F9300DD94E9 /* Info.plist */,
			);
			path = VRPlaygroundTests;
			sourceTree = "<group>";
		};
		94830C641D1D5F9300DD94E9 /* VRPlaygroundUITests */ = {
			isa = PBXGroup;
			children = (
				94830C651D1D5F9300DD94E9 /* VRPlaygroundUITests.swift */,
				94830C671D1D5F9300DD94E9 /* Info.plist */,
			);
			path = VRPlaygroundUITests;
			sourceTree = "<group>";
		};
		94830C731D1D5FDB00DD94E9 /* Constants */ = {
			isa = PBXGroup;
			children = (
			);
			path = Constants;
			sourceTree = "<group>";
		};
		94830C741D1D5FDB00DD94E9 /* Controller */ = {
			isa = PBXGroup;
			children = (
				94830C751D1D5FDB00DD94E9 /* ViewController.swift */,
			);
			path = Controller;
			sourceTree = "<group>";
		};
		94830C761D1D5FDB00DD94E9 /* Extensions */ = {
			isa = PBXGroup;
			children = (
			);
			path = Extensions;
			sourceTree = "<group>";
		};
		94830C771D1D5FDB00DD94E9 /* Model */ = {
			isa = PBXGroup;
			children = (
			);
			path = Model;
			sourceTree = "<group>";
		};
		94830C781D1D5FDB00DD94E9 /* Utilities */ = {
			isa = PBXGroup;
			children = (
			);
			path = Utilities;
			sourceTree = "<group>";
		};
		94830C791D1D5FDB00DD94E9 /* View */ = {
			isa = PBXGroup;
			children = (
			);
			path = View;
			sourceTree = "<group>";
		};
/* End PBXGroup section */

/* Begin PBXNativeTarget section */
		94830C411D1D5F9300DD94E9 /* VRPlayground */ = {
			isa = PBXNativeTarget;
			buildConfigurationList = 94830C6A1D1D5F9300DD94E9 /* Build configuration list for PBXNativeTarget "VRPlayground" */;
			buildPhases = (
				94830C3E1D1D5F9300DD94E9 /* Sources */,
				94830C3F1D1D5F9300DD94E9 /* Frameworks */,
				94830C401D1D5F9300DD94E9 /* Resources */,
			);
			buildRules = (
			);
			dependencies = (
			);
			name = VRPlayground;
			productName = VRPlayground;
			productReference = 94830C421D1D5F9300DD94E9 /* VRPlayground.app */;
			productType = "com.apple.product-type.application";
		};
		94830C551D1D5F9300DD94E9 /* VRPlaygroundTests */ = {
			isa = PBXNativeTarget;
			buildConfigurationList = 94830C6D1D1D5F9300DD94E9 /* Build configuration list for PBXNativeTarget "VRPlaygroundTests" */;
			buildPhases = (
				94830C521D1D5F9300DD94E9 /* Sources */,
				94830C531D1D5F9300DD94E9 /* Frameworks */,
				94830C541D1D5F9300DD94E9 /* Resources */,
			);
			buildRules = (
			);
			dependencies = (
				94830C581D1D5F9300DD94E9 /* PBXTargetDependency */,
			);
			name = VRPlaygroundTests;
			productName = VRPlaygroundTests;
			productReference = 94830C561D1D5F9300DD94E9 /* VRPlaygroundTests.xctest */;
			productType = "com.apple.product-type.bundle.unit-test";
		};
		94830C601D1D5F9300DD94E9 /* VRPlaygroundUITests */ = {
			isa = PBXNativeTarget;
			buildConfigurationList = 94830C701D1D5F9300DD94E9 /* Build configuration list for PBXNativeTarget "VRPlaygroundUITests" */;
			buildPhases = (
				94830C5D1D1D5F9300DD94E9 /* Sources */,
				94830C5E1D1D5F9300DD94E9 /* Frameworks */,
				94830C5F1D1D5F9300DD94E9 /* Resources */,
			);
			buildRules = (
			);
			dependencies = (
				94830C631D1D5F9300DD94E9 /* PBXTargetDependency */,
			);
			name = VRPlaygroundUITests;
			productName = VRPlaygroundUITests;
			productReference = 94830C611D1D5F9300DD94E9 /* VRPlaygroundUITests.xctest */;
			productType = "com.apple.product-type.bundle.ui-testing";
		};
/* End PBXNativeTarget section */

/* Begin PBXProject section */
		94830C3A1D1D5F9300DD94E9 /* Project object */ = {
			isa = PBXProject;
			attributes = {
				LastSwiftUpdateCheck = 0730;
				LastUpgradeCheck = 0730;
				ORGANIZATIONNAME = "Kusal Shrestha";
				TargetAttributes = {
					94830C411D1D5F9300DD94E9 = {
						CreatedOnToolsVersion = 7.3.1;
					};
					94830C551D1D5F9300DD94E9 = {
						CreatedOnToolsVersion = 7.3.1;
						TestTargetID = 94830C411D1D5F9300DD94E9;
					};
					94830C601D1D5F9300DD94E9 = {
						CreatedOnToolsVersion = 7.3.1;
						TestTargetID = 94830C411D1D5F9300DD94E9;
					};
				};
			};
			buildConfigurationList = 94830C3D1D1D5F9300DD94E9 /* Build configuration list for PBXProject "VRPlayground" */;
			compatibilityVersion = "Xcode 3.2";
			developmentRegion = English;
			hasScannedForEncodings = 0;
			knownRegions = (
				en,
				Base,
			);
			mainGroup = 94830C391D1D5F9300DD94E9;
			productRefGroup = 94830C431D1D5F9300DD94E9 /* Products */;
			projectDirPath = "";
			projectRoot = "";
			targets = (
				94830C411D1D5F9300DD94E9 /* VRPlayground */,
				94830C551D1D5F9300DD94E9 /* VRPlaygroundTests */,
				94830C601D1D5F9300DD94E9 /* VRPlaygroundUITests */,
			);
		};
/* End PBXProject section */

/* Begin PBXResourcesBuildPhase section */
		94830C401D1D5F9300DD94E9 /* Resources */ = {
			isa = PBXResourcesBuildPhase;
			buildActionMask = 2147483647;
			files = (
				94830C501D1D5F9300DD94E9 /* LaunchScreen.storyboard in Resources */,
				94830C4D1D1D5F9300DD94E9 /* Assets.xcassets in Resources */,
				94830C4B1D1D5F9300DD94E9 /* Main.storyboard in Resources */,
			);
			runOnlyForDeploymentPostprocessing = 0;
		};
		94830C541D1D5F9300DD94E9 /* Resources */ = {
			isa = PBXResourcesBuildPhase;
			buildActionMask = 2147483647;
			files = (
			);
			runOnlyForDeploymentPostprocessing = 0;
		};
		94830C5F1D1D5F9300DD94E9 /* Resources */ = {
			isa = PBXResourcesBuildPhase;
			buildActionMask = 2147483647;
			files = (
			);
			runOnlyForDeploymentPostprocessing = 0;
		};
/* End PBXResourcesBuildPhase section */

/* Begin PBXSourcesBuildPhase section */
		94830C3E1D1D5F9300DD94E9 /* Sources */ = {
			isa = PBXSourcesBuildPhase;
			buildActionMask = 2147483647;
			files = (
				94830C7A1D1D5FDB00DD94E9 /* ViewController.swift in Sources */,
				94830C461D1D5F9300DD94E9 /* AppDelegate.swift in Sources */,
			);
			runOnlyForDeploymentPostprocessing = 0;
		};
		94830C521D1D5F9300DD94E9 /* Sources */ = {
			isa = PBXSourcesBuildPhase;
			buildActionMask = 2147483647;
			files = (
				94830C5B1D1D5F9300DD94E9 /* VRPlaygroundTests.swift in Sources */,
			);
			runOnlyForDeploymentPostprocessing = 0;
		};
		94830C5D1D1D5F9300DD94E9 /* Sources */ = {
			isa = PBXSourcesBuildPhase;
			buildActionMask = 2147483647;
			files = (
				94830C661D1D5F9300DD94E9 /* VRPlaygroundUITests.swift in Sources */,
			);
			runOnlyForDeploymentPostprocessing = 0;
		};
/* End PBXSourcesBuildPhase section */

/* Begin PBXTargetDependency section */
		94830C581D1D5F9300DD94E9 /* PBXTargetDependency */ = {
			isa = PBXTargetDependency;
			target = 94830C411D1D5F9300DD94E9 /* VRPlayground */;
			targetProxy = 94830C571D1D5F9300DD94E9 /* PBXContainerItemProxy */;
		};
		94830C631D1D5F9300DD94E9 /* PBXTargetDependency */ = {
			isa = PBXTargetDependency;
			target = 94830C411D1D5F9300DD94E9 /* VRPlayground */;
			targetProxy = 94830C621D1D5F9300DD94E9 /* PBXContainerItemProxy */;
		};
/* End PBXTargetDependency section */

/* Begin PBXVariantGroup section */
		94830C491D1D5F9300DD94E9 /* Main.storyboard */ = {
			isa = PBXVariantGroup;
			children = (
				94830C4A1D1D5F9300DD94E9 /* Base */,
			);
			name = Main.storyboard;
			sourceTree = "<group>";
		};
		94830C4E1D1D5F9300DD94E9 /* LaunchScreen.storyboard */ = {
			isa = PBXVariantGroup;
			children = (
				94830C4F1D1D5F9300DD94E9 /* Base */,
			);
			name = LaunchScreen.storyboard;
			sourceTree = "<group>";
		};
/* End PBXVariantGroup section */

/* Begin XCBuildConfiguration section */
		94830C681D1D5F9300DD94E9 /* Debug */ = {
			isa = XCBuildConfiguration;
			buildSettings = {
				ALWAYS_SEARCH_USER_PATHS = NO;
				CLANG_ANALYZER_NONNULL = YES;
				CLANG_CXX_LANGUAGE_STANDARD = "gnu++0x";
				CLANG_CXX_LIBRARY = "libc++";
				CLANG_ENABLE_MODULES = YES;
				CLANG_ENABLE_OBJC_ARC = YES;
				CLANG_WARN_BOOL_CONVERSION = YES;
				CLANG_WARN_CONSTANT_CONVERSION = YES;
				CLANG_WARN_DIRECT_OBJC_ISA_USAGE = YES_ERROR;
				CLANG_WARN_EMPTY_BODY = YES;
				CLANG_WARN_ENUM_CONVERSION = YES;
				CLANG_WARN_INT_CONVERSION = YES;
				CLANG_WARN_OBJC_ROOT_CLASS = YES_ERROR;
				CLANG_WARN_UNREACHABLE_CODE = YES;
				CLANG_WARN__DUPLICATE_METHOD_MATCH = YES;
				"CODE_SIGN_IDENTITY[sdk=iphoneos*]" = "iPhone Developer";
				COPY_PHASE_STRIP = NO;
				DEBUG_INFORMATION_FORMAT = dwarf;
				ENABLE_STRICT_OBJC_MSGSEND = YES;
				ENABLE_TESTABILITY = YES;
				GCC_C_LANGUAGE_STANDARD = gnu99;
				GCC_DYNAMIC_NO_PIC = NO;
				GCC_NO_COMMON_BLOCKS = YES;
				GCC_OPTIMIZATION_LEVEL = 0;
				GCC_PREPROCESSOR_DEFINITIONS = (
					"DEBUG=1",
					"$(inherited)",
				);
				GCC_WARN_64_TO_32_BIT_CONVERSION = YES;
				GCC_WARN_ABOUT_RETURN_TYPE = YES_ERROR;
				GCC_WARN_UNDECLARED_SELECTOR = YES;
				GCC_WARN_UNINITIALIZED_AUTOS = YES_AGGRESSIVE;
				GCC_WARN_UNUSED_FUNCTION = YES;
				GCC_WARN_UNUSED_VARIABLE = YES;
				IPHONEOS_DEPLOYMENT_TARGET = 9.3;
				MTL_ENABLE_DEBUG_INFO = YES;
				ONLY_ACTIVE_ARCH = YES;
				SDKROOT = iphoneos;
				SWIFT_OPTIMIZATION_LEVEL = "-Onone";
				TARGETED_DEVICE_FAMILY = "1,2";
			};
			name = Debug;
		};
		94830C691D1D5F9300DD94E9 /* Release */ = {
			isa = XCBuildConfiguration;
			buildSettings = {
				ALWAYS_SEARCH_USER_PATHS = NO;
				CLANG_ANALYZER_NONNULL = YES;
				CLANG_CXX_LANGUAGE_STANDARD = "gnu++0x";
				CLANG_CXX_LIBRARY = "libc++";
				CLANG_ENABLE_MODULES = YES;
				CLANG_ENABLE_OBJC_ARC = YES;
				CLANG_WARN_BOOL_CONVERSION = YES;
				CLANG_WARN_CONSTANT_CONVERSION = YES;
				CLANG_WARN_DIRECT_OBJC_ISA_USAGE = YES_ERROR;
				CLANG_WARN_EMPTY_BODY = YES;
				CLANG_WARN_ENUM_CONVERSION = YES;
				CLANG_WARN_INT_CONVERSION = YES;
				CLANG_WARN_OBJC_ROOT_CLASS = YES_ERROR;
				CLANG_WARN_UNREACHABLE_CODE = YES;
				CLANG_WARN__DUPLICATE_METHOD_MATCH = YES;
				"CODE_SIGN_IDENTITY[sdk=iphoneos*]" = "iPhone Developer";
				COPY_PHASE_STRIP = NO;
				DEBUG_INFORMATION_FORMAT = "dwarf-with-dsym";
				ENABLE_NS_ASSERTIONS = NO;
				ENABLE_STRICT_OBJC_MSGSEND = YES;
				GCC_C_LANGUAGE_STANDARD = gnu99;
				GCC_NO_COMMON_BLOCKS = YES;
				GCC_WARN_64_TO_32_BIT_CONVERSION = YES;
				GCC_WARN_ABOUT_RETURN_TYPE = YES_ERROR;
				GCC_WARN_UNDECLARED_SELECTOR = YES;
				GCC_WARN_UNINITIALIZED_AUTOS = YES_AGGRESSIVE;
				GCC_WARN_UNUSED_FUNCTION = YES;
				GCC_WARN_UNUSED_VARIABLE = YES;
				IPHONEOS_DEPLOYMENT_TARGET = 9.3;
				MTL_ENABLE_DEBUG_INFO = NO;
				SDKROOT = iphoneos;
				TARGETED_DEVICE_FAMILY = "1,2";
				VALIDATE_PRODUCT = YES;
			};
			name = Release;
		};
		94830C6B1D1D5F9300DD94E9 /* Debug */ = {
			isa = XCBuildConfiguration;
			buildSettings = {
				ASSETCATALOG_COMPILER_APPICON_NAME = AppIcon;
				INFOPLIST_FILE = VRPlayground/Info.plist;
				IPHONEOS_DEPLOYMENT_TARGET = 9.0;
				LD_RUNPATH_SEARCH_PATHS = "$(inherited) @executable_path/Frameworks";
				PRODUCT_BUNDLE_IDENTIFIER = com.leapfrog.VRPlayground;
				PRODUCT_NAME = "$(TARGET_NAME)";
			};
			name = Debug;
		};
		94830C6C1D1D5F9300DD94E9 /* Release */ = {
			isa = XCBuildConfiguration;
			buildSettings = {
				ASSETCATALOG_COMPILER_APPICON_NAME = AppIcon;
				INFOPLIST_FILE = VRPlayground/Info.plist;
				IPHONEOS_DEPLOYMENT_TARGET = 9.0;
				LD_RUNPATH_SEARCH_PATHS = "$(inherited) @executable_path/Frameworks";
				PRODUCT_BUNDLE_IDENTIFIER = com.leapfrog.VRPlayground;
				PRODUCT_NAME = "$(TARGET_NAME)";
			};
			name = Release;
		};
		94830C6E1D1D5F9300DD94E9 /* Debug */ = {
			isa = XCBuildConfiguration;
			buildSettings = {
				BUNDLE_LOADER = "$(TEST_HOST)";
				INFOPLIST_FILE = VRPlaygroundTests/Info.plist;
				LD_RUNPATH_SEARCH_PATHS = "$(inherited) @executable_path/Frameworks @loader_path/Frameworks";
				PRODUCT_BUNDLE_IDENTIFIER = com.leapfrog.VRPlaygroundTests;
				PRODUCT_NAME = "$(TARGET_NAME)";
				TEST_HOST = "$(BUILT_PRODUCTS_DIR)/VRPlayground.app/VRPlayground";
			};
			name = Debug;
		};
		94830C6F1D1D5F9300DD94E9 /* Release */ = {
			isa = XCBuildConfiguration;
			buildSettings = {
				BUNDLE_LOADER = "$(TEST_HOST)";
				INFOPLIST_FILE = VRPlaygroundTests/Info.plist;
				LD_RUNPATH_SEARCH_PATHS = "$(inherited) @executable_path/Frameworks @loader_path/Frameworks";
				PRODUCT_BUNDLE_IDENTIFIER = com.leapfrog.VRPlaygroundTests;
				PRODUCT_NAME = "$(TARGET_NAME)";
				TEST_HOST = "$(BUILT_PRODUCTS_DIR)/VRPlayground.app/VRPlayground";
			};
			name = Release;
		};
		94830C711D1D5F9300DD94E9 /* Debug */ = {
			isa = XCBuildConfiguration;
			buildSettings = {
				INFOPLIST_FILE = VRPlaygroundUITests/Info.plist;
				LD_RUNPATH_SEARCH_PATHS = "$(inherited) @executable_path/Frameworks @loader_path/Frameworks";
				PRODUCT_BUNDLE_IDENTIFIER = com.leapfrog.VRPlaygroundUITests;
				PRODUCT_NAME = "$(TARGET_NAME)";
				TEST_TARGET_NAME = VRPlayground;
			};
			name = Debug;
		};
		94830C721D1D5F9300DD94E9 /* Release */ = {
			isa = XCBuildConfiguration;
			buildSettings = {
				INFOPLIST_FILE = VRPlaygroundUITests/Info.plist;
				LD_RUNPATH_SEARCH_PATHS = "$(inherited) @executable_path/Frameworks @loader_path/Frameworks";
				PRODUCT_BUNDLE_IDENTIFIER = com.leapfrog.VRPlaygroundUITests;
				PRODUCT_NAME = "$(TARGET_NAME)";
				TEST_TARGET_NAME = VRPlayground;
			};
			name = Release;
		};
/* End XCBuildConfiguration section */

/* Begin XCConfigurationList section */
		94830C3D1D1D5F9300DD94E9 /* Build configuration list for PBXProject "VRPlayground" */ = {
			isa = XCConfigurationList;
			buildConfigurations = (
				94830C681D1D5F9300DD94E9 /* Debug */,
				94830C691D1D5F9300DD94E9 /* Release */,
			);
			defaultConfigurationIsVisible = 0;
			defaultConfigurationName = Release;
		};
		94830C6A1D1D5F9300DD94E9 /* Build configuration list for PBXNativeTarget "VRPlayground" */ = {
			isa = XCConfigurationList;
			buildConfigurations = (
				94830C6B1D1D5F9300DD94E9 /* Debug */,
				94830C6C1D1D5F9300DD94E9 /* Release */,
			);
			defaultConfigurationIsVisible = 0;
		};
		94830C6D1D1D5F9300DD94E9 /* Build configuration list for PBXNativeTarget "VRPlaygroundTests" */ = {
			isa = XCConfigurationList;
			buildConfigurations = (
				94830C6E1D1D5F9300DD94E9 /* Debug */,
				94830C6F1D1D5F9300DD94E9 /* Release */,
			);
			defaultConfigurationIsVisible = 0;
		};
		94830C701D1D5F9300DD94E9 /* Build configuration list for PBXNativeTarget "VRPlaygroundUITests" */ = {
			isa = XCConfigurationList;
			buildConfigurations = (
				94830C711D1D5F9300DD94E9 /* Debug */,
				94830C721D1D5F9300DD94E9 /* Release */,
			);
			defaultConfigurationIsVisible = 0;
		};
/* End XCConfigurationList section */
	};
	rootObject = 94830C3A1D1D5F9300DD94E9 /* Project object */;
}
